
Microsoft Visual Studio Solution File, Format Version 12.00
# Visual Studio Version 17
VisualStudioVersion = 17.11.35327.3
MinimumVisualStudioVersion = 10.0.40219.1
Project("{FAE04EC0-301F-11D3-BF4B-00C04F79EFBC}") = "Auth_api", "Auth_api\Auth_api.csproj", "{A546F683-7B8B-42D7-B275-7ECA40FD7C01}"
EndProject
Global
	GlobalSection(SolutionConfigurationPlatforms) = preSolution
		Debug|Any CPU = Debug|Any CPU
		Release|Any CPU = Release|Any CPU
	EndGlobalSection
	GlobalSection(ProjectConfigurationPlatforms) = postSolution
		{A546F683-7B8B-42D7-B275-7ECA40FD7C01}.Debug|Any CPU.ActiveCfg = Debug|Any CPU
		{A546F683-7B8B-42D7-B275-7ECA40FD7C01}.Debug|Any CPU.Build.0 = Debug|Any CPU
		{A546F683-7B8B-42D7-B275-7ECA40FD7C01}.Release|Any CPU.ActiveCfg = Release|Any CPU
		{A546F683-7B8B-42D7-B275-7ECA40FD7C01}.Release|Any CPU.Build.0 = Release|Any CPU
	EndGlobalSection
	GlobalSection(SolutionProperties) = preSolution
		HideSolutionNode = FALSE
	EndGlobalSection
	GlobalSection(ExtensibilityGlobals) = postSolution
		SolutionGuid = {07C146A2-67C1-4B08-89DB-6697ADBF8039}
	EndGlobalSection
EndGlobal
